{
  "name": "fileuploadnetwork",
  "version": "1.0.0",
  "lockfileVersion": 2,
  "requires": true,
  "packages": {
    "": {
      "name": "fileuploadnetwork",
      "version": "1.0.0",
      "license": "ISC",
      "dependencies": {
        "bootstrap-icons-font": "^2.0.7",
        "bulma": "^0.9.3"
      }
    },
    "node_modules/bootstrap-icons-font": {
      "version": "2.0.7",
      "resolved": "https://registry.npmjs.org/bootstrap-icons-font/-/bootstrap-icons-font-2.0.7.tgz",
      "integrity": "sha512-KlOsKWx/9E7TngKfeOWhdnM1eQQ2LiyWEg+XJAlSZ3qtda7z/i/32ItKjqvcO1UgQf9oqokj1Xt1NX47+u9/FA=="
    },
    "node_modules/bulma": {
      "version": "0.9.3",
      "resolved": "https://registry.npmjs.org/bulma/-/bulma-0.9.3.tgz",
      "integrity": "sha512-0d7GNW1PY4ud8TWxdNcP6Cc8Bu7MxcntD/RRLGWuiw/s0a9P+XlH/6QoOIrmbj6o8WWJzJYhytiu9nFjTszk1g=="
    }
  },
  "dependencies": {
    "bootstrap-icons-font": {
      "version": "2.0.7",
      "resolved": "https://registry.npmjs.org/bootstrap-icons-font/-/bootstrap-icons-font-2.0.7.tgz",
      "integrity": "sha512-KlOsKWx/9E7TngKfeOWhdnM1eQQ2LiyWEg+XJAlSZ3qtda7z/i/32ItKjqvcO1UgQf9oqokj1Xt1NX47+u9/FA=="
    },
    "bulma": {
      "version": "0.9.3",
      "resolved": "https://registry.npmjs.org/bulma/-/bulma-0.9.3.tgz",
      "integrity": "sha512-0d7GNW1PY4ud8TWxdNcP6Cc8Bu7MxcntD/RRLGWuiw/s0a9P+XlH/6QoOIrmbj6o8WWJzJYhytiu9nFjTszk1g=="
    }
  }
}
